
Microsoft Visual Studio Solution File, Format Version 12.00
# Visual Studio 15
VisualStudioVersion = 15.0.26730.3
MinimumVisualStudioVersion = 10.0.40219.1
Project("{F184B08F-C81C-45F6-A57F-5ABD9991F28F}") = "lab6", "lab6\lab6.vbproj", "{9F88DFD2-652B-4AEA-90C0-F1D3D8EBAE24}"
EndProject
Global
	GlobalSection(SolutionConfigurationPlatforms) = preSolution
		Debug|Any CPU = Debug|Any CPU
		Release|Any CPU = Release|Any CPU
	EndGlobalSection
	GlobalSection(ProjectConfigurationPlatforms) = postSolution
		{9F88DFD2-652B-4AEA-90C0-F1D3D8EBAE24}.Debug|Any CPU.ActiveCfg = Debug|Any CPU
		{9F88DFD2-652B-4AEA-90C0-F1D3D8EBAE24}.Debug|Any CPU.Build.0 = Debug|Any CPU
		{9F88DFD2-652B-4AEA-90C0-F1D3D8EBAE24}.Release|Any CPU.ActiveCfg = Release|Any CPU
		{9F88DFD2-652B-4AEA-90C0-F1D3D8EBAE24}.Release|Any CPU.Build.0 = Release|Any CPU
	EndGlobalSection
	GlobalSection(SolutionProperties) = preSolution
		HideSolutionNode = FALSE
	EndGlobalSection
	GlobalSection(ExtensibilityGlobals) = postSolution
		SolutionGuid = {A6BB3BFC-FCCC-47E9-BAC9-CB00D05A4456}
	EndGlobalSection
EndGlobal
